PODS:
  - finvu_authentication_sdk (1.0.0):
    - Flutter
  - Flutter (1.0.0)
  - webview_flutter_wkwebview (0.0.1):
    - Flutter
    - FlutterMacOS

DEPENDENCIES:
  - finvu_authentication_sdk (from `.symlinks/plugins/finvu_authentication_sdk/ios`)
  - Flutter (from `Flutter`)
  - webview_flutter_wkwebview (from `.symlinks/plugins/webview_flutter_wkwebview/darwin`)

EXTERNAL SOURCES:
  finvu_authentication_sdk:
    :path: ".symlinks/plugins/finvu_authentication_sdk/ios"
  Flutter:
    :path: Flutter
  webview_flutter_wkwebview:
    :path: ".symlinks/plugins/webview_flutter_wkwebview/darwin"

SPEC CHECKSUMS:
  finvu_authentication_sdk: de934f22e325aceb611e32900687f92e459257ee
  Flutter: cabc95a1d2626b1b06e7179b784ebcf0c0cde467
  webview_flutter_wkwebview: 1821ceac936eba6f7984d89a9f3bcb4dea99ebb2

PODFILE CHECKSUM: 580df6015e215c5f057560001c271e6b9fa728e8

COCOAPODS: 1.16.2
